
Microsoft Visual Studio Solution File, Format Version 12.00
# Visual Studio 15
VisualStudioVersion = 15.0.27703.2035
MinimumVisualStudioVersion = 10.0.40219.1
Project("{FAE04EC0-301F-11D3-BF4B-00C04F79EFBC}") = "VectorProgram", "VectorProgram\VectorProgram.csproj", "{C58AF970-46C7-45EC-BFA9-C2FE2A8BFCA0}"
EndProject
Project("{FAE04EC0-301F-11D3-BF4B-00C04F79EFBC}") = "VectorProgramTests", "VectorProgramTests\VectorProgramTests.csproj", "{35B08544-1C17-451C-8F1A-53DC0486710E}"
EndProject
Global
	GlobalSection(SolutionConfigurationPlatforms) = preSolution
		Debug|Any CPU = Debug|Any CPU
		Release|Any CPU = Release|Any CPU
	EndGlobalSection
	GlobalSection(ProjectConfigurationPlatforms) = postSolution
		{C58AF970-46C7-45EC-BFA9-C2FE2A8BFCA0}.Debug|Any CPU.ActiveCfg = Debug|Any CPU
		{C58AF970-46C7-45EC-BFA9-C2FE2A8BFCA0}.Debug|Any CPU.Build.0 = Debug|Any CPU
		{C58AF970-46C7-45EC-BFA9-C2FE2A8BFCA0}.Release|Any CPU.ActiveCfg = Release|Any CPU
		{C58AF970-46C7-45EC-BFA9-C2FE2A8BFCA0}.Release|Any CPU.Build.0 = Release|Any CPU
		{35B08544-1C17-451C-8F1A-53DC0486710E}.Debug|Any CPU.ActiveCfg = Debug|Any CPU
		{35B08544-1C17-451C-8F1A-53DC0486710E}.Debug|Any CPU.Build.0 = Debug|Any CPU
		{35B08544-1C17-451C-8F1A-53DC0486710E}.Release|Any CPU.ActiveCfg = Release|Any CPU
		{35B08544-1C17-451C-8F1A-53DC0486710E}.Release|Any CPU.Build.0 = Release|Any CPU
	EndGlobalSection
	GlobalSection(SolutionProperties) = preSolution
		HideSolutionNode = FALSE
	EndGlobalSection
	GlobalSection(ExtensibilityGlobals) = postSolution
		SolutionGuid = {E2920318-2336-40E2-8A18-88F7A5C1B5F4}
	EndGlobalSection
EndGlobal
