
Microsoft Visual Studio Solution File, Format Version 12.00
# Visual Studio 15
VisualStudioVersion = 15.0.28307.168
MinimumVisualStudioVersion = 10.0.40219.1
Project("{FAE04EC0-301F-11D3-BF4B-00C04F79EFBC}") = "TimerApplication", "TimerApplication\TimerApplication.csproj", "{1C11DBA1-6678-4A04-9AE8-3E0F23613E76}"
EndProject
Global
	GlobalSection(SolutionConfigurationPlatforms) = preSolution
		Debug|Any CPU = Debug|Any CPU
		Release|Any CPU = Release|Any CPU
	EndGlobalSection
	GlobalSection(ProjectConfigurationPlatforms) = postSolution
		{1C11DBA1-6678-4A04-9AE8-3E0F23613E76}.Debug|Any CPU.ActiveCfg = Debug|Any CPU
		{1C11DBA1-6678-4A04-9AE8-3E0F23613E76}.Debug|Any CPU.Build.0 = Debug|Any CPU
		{1C11DBA1-6678-4A04-9AE8-3E0F23613E76}.Release|Any CPU.ActiveCfg = Release|Any CPU
		{1C11DBA1-6678-4A04-9AE8-3E0F23613E76}.Release|Any CPU.Build.0 = Release|Any CPU
	EndGlobalSection
	GlobalSection(SolutionProperties) = preSolution
		HideSolutionNode = FALSE
	EndGlobalSection
	GlobalSection(ExtensibilityGlobals) = postSolution
		SolutionGuid = {AACA06A0-BE51-4179-B3F8-B7C40F7624F7}
	EndGlobalSection
EndGlobal
