
Microsoft Visual Studio Solution File, Format Version 12.00
# Visual Studio 15
VisualStudioVersion = 15.0.28307.168
MinimumVisualStudioVersion = 10.0.40219.1
Project("{FAE04EC0-301F-11D3-BF4B-00C04F79EFBC}") = "BinaryTreeApplication", "BinaryTreeApplication\BinaryTreeApplication.csproj", "{9E86EB45-6582-4D7E-A6CB-D89BDEBB142F}"
EndProject
Global
	GlobalSection(SolutionConfigurationPlatforms) = preSolution
		Debug|Any CPU = Debug|Any CPU
		Release|Any CPU = Release|Any CPU
	EndGlobalSection
	GlobalSection(ProjectConfigurationPlatforms) = postSolution
		{9E86EB45-6582-4D7E-A6CB-D89BDEBB142F}.Debug|Any CPU.ActiveCfg = Debug|Any CPU
		{9E86EB45-6582-4D7E-A6CB-D89BDEBB142F}.Debug|Any CPU.Build.0 = Debug|Any CPU
		{9E86EB45-6582-4D7E-A6CB-D89BDEBB142F}.Release|Any CPU.ActiveCfg = Release|Any CPU
		{9E86EB45-6582-4D7E-A6CB-D89BDEBB142F}.Release|Any CPU.Build.0 = Release|Any CPU
	EndGlobalSection
	GlobalSection(SolutionProperties) = preSolution
		HideSolutionNode = FALSE
	EndGlobalSection
	GlobalSection(ExtensibilityGlobals) = postSolution
		SolutionGuid = {2A4FA783-32E7-4F26-9BC2-67BB5900B8F9}
	EndGlobalSection
EndGlobal
