
Microsoft Visual Studio Solution File, Format Version 12.00
# Visual Studio 15
VisualStudioVersion = 15.0.27703.2035
MinimumVisualStudioVersion = 10.0.40219.1
Project("{FAE04EC0-301F-11D3-BF4B-00C04F79EFBC}") = "FirstLessonConsoleApp", "FirstLessonConsoleApp\FirstLessonConsoleApp.csproj", "{46CDE6B2-4B70-41F2-A8A4-BB5918E2D7CC}"
EndProject
Global
	GlobalSection(SolutionConfigurationPlatforms) = preSolution
		Debug|Any CPU = Debug|Any CPU
		Release|Any CPU = Release|Any CPU
	EndGlobalSection
	GlobalSection(ProjectConfigurationPlatforms) = postSolution
		{46CDE6B2-4B70-41F2-A8A4-BB5918E2D7CC}.Debug|Any CPU.ActiveCfg = Debug|Any CPU
		{46CDE6B2-4B70-41F2-A8A4-BB5918E2D7CC}.Debug|Any CPU.Build.0 = Debug|Any CPU
		{46CDE6B2-4B70-41F2-A8A4-BB5918E2D7CC}.Release|Any CPU.ActiveCfg = Release|Any CPU
		{46CDE6B2-4B70-41F2-A8A4-BB5918E2D7CC}.Release|Any CPU.Build.0 = Release|Any CPU
	EndGlobalSection
	GlobalSection(SolutionProperties) = preSolution
		HideSolutionNode = FALSE
	EndGlobalSection
	GlobalSection(ExtensibilityGlobals) = postSolution
		SolutionGuid = {3A3155DA-E1CD-4955-8FA3-9B45FF024C4F}
	EndGlobalSection
EndGlobal
